{
  "name": "skipperwebhost",
  "version": "0.0.1",
  "lockfileVersion": 1,
  "requires": true,
  "dependencies": {
    "@types/dotenv": {
      "version": "4.0.3",
      "resolved": "https://registry.npmjs.org/@types/dotenv/-/dotenv-4.0.3.tgz",
      "integrity": "sha512-mmhpINC/HcLGQK5ikFJlLXINVvcxhlrV+ZOUJSN7/ottYl+8X4oSXzS9lBtDkmWAl96EGyGyLrNvk9zqdSH8Fw==",
      "dev": true,
      "requires": {
        "@types/node": "9.6.5"
      }
    },
    "@types/node": {
      "version": "9.6.5",
      "resolved": "https://registry.npmjs.org/@types/node/-/node-9.6.5.tgz",
      "integrity": "sha512-NOLEgsT6UiDTjnWG5Hd2Mg25LRyz/oe8ql3wbjzgSFeRzRROhPmtlsvIrei4B46UjERF0td9SZ1ZXPLOdcrBHg==",
      "dev": true
    },
    "dotenv": {
      "version": "5.0.1",
      "resolved": "https://registry.npmjs.org/dotenv/-/dotenv-5.0.1.tgz",
      "integrity": "sha512-4As8uPrjfwb7VXC+WnLCbXK7y+Ueb2B3zgNCePYfhxS1PYeaO1YTeplffTEcbfLhvFNGLAz90VvJs9yomG7bow=="
    }
  }
}
